
Microsoft Visual Studio Solution File, Format Version 12.00
# Visual Studio Version 16
VisualStudioVersion = 16.0.28902.138
MinimumVisualStudioVersion = 15.0.26124.0
Project("{9A19103F-16F7-4668-BE54-9A1E7A4F7556}") = "Genesis", "src\Genesis\Genesis.csproj", "{B4061F28-2809-4E10-ADDB-F917F35C46A3}"
EndProject
Project("{9A19103F-16F7-4668-BE54-9A1E7A4F7556}") = "Genesis.Cli", "src\Genesis.Cli\Genesis.Cli.csproj", "{1223B118-ABB3-4F44-AC89-F4DD8EAA5853}"
EndProject
Project("{9A19103F-16F7-4668-BE54-9A1E7A4F7556}") = "Genesis.Cli.Extensions", "src\Genesis.Cli.Extensions\Genesis.Cli.Extensions.csproj", "{1B5EEE3B-7194-4AF0-8E1F-7D09A8685B8A}"
EndProject
Project("{9A19103F-16F7-4668-BE54-9A1E7A4F7556}") = "Genesis.Output.Poco", "src\Executors\Output\Genesis.Output.Poco\Genesis.Output.Poco.csproj", "{D9CDB057-C6D0-4DC4-92A2-E0F064396DDC}"
EndProject
Project("{9A19103F-16F7-4668-BE54-9A1E7A4F7556}") = "Genesis.Input.MSSqlDb", "src\Executors\Input\Genesis.Input.MSSqlDB\Genesis.Input.MSSqlDb.csproj", "{D259BD61-4078-45BF-B4D0-B8C2BCF4E875}"
EndProject
Project("{2150E333-8FDC-42A3-9474-1A3956D46DE8}") = "Solution Items", "Solution Items", "{A5DA5AE7-9B54-439A-8AD6-E3BEB08D2A99}"
	ProjectSection(SolutionItems) = preProject
		.gitattributes = .gitattributes
		.gitignore = .gitignore
		LICENSE = LICENSE
		README.md = README.md
	EndProjectSection
EndProject
Project("{9A19103F-16F7-4668-BE54-9A1E7A4F7556}") = "Genesis.Output.XamarinViewModel", "src\Executors\Output\Genesis.Output.XamarinViewModel\Genesis.Output.XamarinViewModel.csproj", "{702CB7D8-F99E-430F-89A7-4C189D36ABCC}"
EndProject
Project("{9A19103F-16F7-4668-BE54-9A1E7A4F7556}") = "Genesis.Output.AspNetMvcController", "src\Executors\Output\Genesis.Output.AspNetMvcController\Genesis.Output.AspNetMvcController.csproj", "{DBA6938E-4793-4CD5-8A27-6C58C3724FDA}"
EndProject
Project("{2150E333-8FDC-42A3-9474-1A3956D46DE8}") = "Source Items", "Source Items", "{A6966624-8465-4A19-B9D6-5C279D089F61}"
	ProjectSection(SolutionItems) = preProject
		src\LocalDBSqlToCSharp.genesis = src\LocalDBSqlToCSharp.genesis
		src\ToDo.md = src\ToDo.md
	EndProjectSection
EndProject
Project("{9A19103F-16F7-4668-BE54-9A1E7A4F7556}") = "Genesis.Output.AspNetDbContextCachedRepositories", "src\Executors\Output\Genesis.Output.AspNetDbContextCachedRepositories\Genesis.Output.AspNetDbContextCachedRepositories.csproj", "{CBB9B927-2472-4CF6-AF7D-E771C9721228}"
EndProject
Project("{9A19103F-16F7-4668-BE54-9A1E7A4F7556}") = "Genesis.Input.SwaggerUrl", "src\Executors\Input\Genesis.Input.SwaggerUrl\Genesis.Input.SwaggerUrl.csproj", "{58162A95-BD9B-48D1-B297-8465FE5216FA}"
EndProject
Project("{2150E333-8FDC-42A3-9474-1A3956D46DE8}") = "Executors", "Executors", "{7064AAEF-D4AA-4CEB-A3AB-2588672FC1EE}"
	ProjectSection(SolutionItems) = preProject
		src\Executors\README.md = src\Executors\README.md
	EndProjectSection
EndProject
Project("{2150E333-8FDC-42A3-9474-1A3956D46DE8}") = "Input", "Input", "{A4522569-85BB-4EF1-AC94-BE2978547AAE}"
EndProject
Project("{2150E333-8FDC-42A3-9474-1A3956D46DE8}") = "Output", "Output", "{43570CDD-40A3-4D73-A1B7-22F24B8261A9}"
	ProjectSection(SolutionItems) = preProject
		src\Executors\Output\README.md = src\Executors\Output\README.md
	EndProjectSection
EndProject
Project("{2150E333-8FDC-42A3-9474-1A3956D46DE8}") = "docs", "docs", "{5FBB60FF-ABE1-4316-B82E-3E2AA32AF8E6}"
EndProject
Project("{2150E333-8FDC-42A3-9474-1A3956D46DE8}") = "images", "images", "{6B22B7DE-B4BB-456C-B92A-F775B98CEFD7}"
	ProjectSection(SolutionItems) = preProject
		docs\images\commands.png = docs\images\commands.png
		docs\images\config.png = docs\images\config.png
		docs\images\exec_chain.png = docs\images\exec_chain.png
		docs\images\exec_mssql.png = docs\images\exec_mssql.png
		docs\images\exec_poco.png = docs\images\exec_poco.png
		docs\images\scan.png = docs\images\scan.png
	EndProjectSection
EndProject
Project("{2150E333-8FDC-42A3-9474-1A3956D46DE8}") = "gifs", "gifs", "{A588CBB4-006F-4C4D-A0EF-2A2754982295}"
	ProjectSection(SolutionItems) = preProject
		docs\gifs\demo.gif = docs\gifs\demo.gif
		docs\gifs\scanCommand.gif = docs\gifs\scanCommand.gif
	EndProjectSection
EndProject
Project("{9A19103F-16F7-4668-BE54-9A1E7A4F7556}") = "Genesis.Input.Excel", "src\Executors\Input\Genesis.Input.Excel\Genesis.Input.Excel.csproj", "{29EEAEC2-3EE7-4014-8FFD-38E1568C8FF8}"
EndProject
Project("{9A19103F-16F7-4668-BE54-9A1E7A4F7556}") = "Genesis.Output.ProtobufEntity", "src\Executors\Output\Genesis.Output.ProtobufEntity\Genesis.Output.ProtobufEntity.csproj", "{0195AE48-AC67-4488-AA87-1EDB46A87068}"
EndProject
Project("{9A19103F-16F7-4668-BE54-9A1E7A4F7556}") = "Genesis.Output.XamarinView", "src\Executors\Output\Genesis.Output.XamarinView\Genesis.Output.XamarinView.csproj", "{E05B3EBB-0433-4833-97ED-F77EA876C049}"
EndProject
Project("{2150E333-8FDC-42A3-9474-1A3956D46DE8}") = "DemoSite", "DemoSite", "{1A3D1154-C606-4FB4-AE19-95A0290BB36A}"
EndProject
Project("{9A19103F-16F7-4668-BE54-9A1E7A4F7556}") = "DemoSite.Web", "src\DemoSite\DemoSite.Web.csproj", "{3B0A4BEB-4595-499C-B29F-E79931728C3D}"
EndProject
Global
	GlobalSection(SolutionConfigurationPlatforms) = preSolution
		Debug|Any CPU = Debug|Any CPU
		Debug|x64 = Debug|x64
		Debug|x86 = Debug|x86
		Release|Any CPU = Release|Any CPU
		Release|x64 = Release|x64
		Release|x86 = Release|x86
	EndGlobalSection
	GlobalSection(ProjectConfigurationPlatforms) = postSolution
		{B4061F28-2809-4E10-ADDB-F917F35C46A3}.Debug|Any CPU.ActiveCfg = Debug|Any CPU
		{B4061F28-2809-4E10-ADDB-F917F35C46A3}.Debug|Any CPU.Build.0 = Debug|Any CPU
		{B4061F28-2809-4E10-ADDB-F917F35C46A3}.Debug|x64.ActiveCfg = Debug|Any CPU
		{B4061F28-2809-4E10-ADDB-F917F35C46A3}.Debug|x64.Build.0 = Debug|Any CPU
		{B4061F28-2809-4E10-ADDB-F917F35C46A3}.Debug|x86.ActiveCfg = Debug|Any CPU
		{B4061F28-2809-4E10-ADDB-F917F35C46A3}.Debug|x86.Build.0 = Debug|Any CPU
		{B4061F28-2809-4E10-ADDB-F917F35C46A3}.Release|Any CPU.ActiveCfg = Release|Any CPU
		{B4061F28-2809-4E10-ADDB-F917F35C46A3}.Release|Any CPU.Build.0 = Release|Any CPU
		{B4061F28-2809-4E10-ADDB-F917F35C46A3}.Release|x64.ActiveCfg = Release|Any CPU
		{B4061F28-2809-4E10-ADDB-F917F35C46A3}.Release|x64.Build.0 = Release|Any CPU
		{B4061F28-2809-4E10-ADDB-F917F35C46A3}.Release|x86.ActiveCfg = Release|Any CPU
		{B4061F28-2809-4E10-ADDB-F917F35C46A3}.Release|x86.Build.0 = Release|Any CPU
		{1223B118-ABB3-4F44-AC89-F4DD8EAA5853}.Debug|Any CPU.ActiveCfg = Debug|Any CPU
		{1223B118-ABB3-4F44-AC89-F4DD8EAA5853}.Debug|Any CPU.Build.0 = Debug|Any CPU
		{1223B118-ABB3-4F44-AC89-F4DD8EAA5853}.Debug|x64.ActiveCfg = Debug|Any CPU
		{1223B118-ABB3-4F44-AC89-F4DD8EAA5853}.Debug|x64.Build.0 = Debug|Any CPU
		{1223B118-ABB3-4F44-AC89-F4DD8EAA5853}.Debug|x86.ActiveCfg = Debug|Any CPU
		{1223B118-ABB3-4F44-AC89-F4DD8EAA5853}.Debug|x86.Build.0 = Debug|Any CPU
		{1223B118-ABB3-4F44-AC89-F4DD8EAA5853}.Release|Any CPU.ActiveCfg = Release|Any CPU
		{1223B118-ABB3-4F44-AC89-F4DD8EAA5853}.Release|Any CPU.Build.0 = Release|Any CPU
		{1223B118-ABB3-4F44-AC89-F4DD8EAA5853}.Release|x64.ActiveCfg = Release|Any CPU
		{1223B118-ABB3-4F44-AC89-F4DD8EAA5853}.Release|x64.Build.0 = Release|Any CPU
		{1223B118-ABB3-4F44-AC89-F4DD8EAA5853}.Release|x86.ActiveCfg = Release|Any CPU
		{1223B118-ABB3-4F44-AC89-F4DD8EAA5853}.Release|x86.Build.0 = Release|Any CPU
		{1B5EEE3B-7194-4AF0-8E1F-7D09A8685B8A}.Debug|Any CPU.ActiveCfg = Debug|Any CPU
		{1B5EEE3B-7194-4AF0-8E1F-7D09A8685B8A}.Debug|Any CPU.Build.0 = Debug|Any CPU
		{1B5EEE3B-7194-4AF0-8E1F-7D09A8685B8A}.Debug|x64.ActiveCfg = Debug|Any CPU
		{1B5EEE3B-7194-4AF0-8E1F-7D09A8685B8A}.Debug|x64.Build.0 = Debug|Any CPU
		{1B5EEE3B-7194-4AF0-8E1F-7D09A8685B8A}.Debug|x86.ActiveCfg = Debug|Any CPU
		{1B5EEE3B-7194-4AF0-8E1F-7D09A8685B8A}.Debug|x86.Build.0 = Debug|Any CPU
		{1B5EEE3B-7194-4AF0-8E1F-7D09A8685B8A}.Release|Any CPU.ActiveCfg = Release|Any CPU
		{1B5EEE3B-7194-4AF0-8E1F-7D09A8685B8A}.Release|Any CPU.Build.0 = Release|Any CPU
		{1B5EEE3B-7194-4AF0-8E1F-7D09A8685B8A}.Release|x64.ActiveCfg = Release|Any CPU
		{1B5EEE3B-7194-4AF0-8E1F-7D09A8685B8A}.Release|x64.Build.0 = Release|Any CPU
		{1B5EEE3B-7194-4AF0-8E1F-7D09A8685B8A}.Release|x86.ActiveCfg = Release|Any CPU
		{1B5EEE3B-7194-4AF0-8E1F-7D09A8685B8A}.Release|x86.Build.0 = Release|Any CPU
		{D9CDB057-C6D0-4DC4-92A2-E0F064396DDC}.Debug|Any CPU.ActiveCfg = Debug|Any CPU
		{D9CDB057-C6D0-4DC4-92A2-E0F064396DDC}.Debug|Any CPU.Build.0 = Debug|Any CPU
		{D9CDB057-C6D0-4DC4-92A2-E0F064396DDC}.Debug|x64.ActiveCfg = Debug|Any CPU
		{D9CDB057-C6D0-4DC4-92A2-E0F064396DDC}.Debug|x64.Build.0 = Debug|Any CPU
		{D9CDB057-C6D0-4DC4-92A2-E0F064396DDC}.Debug|x86.ActiveCfg = Debug|Any CPU
		{D9CDB057-C6D0-4DC4-92A2-E0F064396DDC}.Debug|x86.Build.0 = Debug|Any CPU
		{D9CDB057-C6D0-4DC4-92A2-E0F064396DDC}.Release|Any CPU.ActiveCfg = Release|Any CPU
		{D9CDB057-C6D0-4DC4-92A2-E0F064396DDC}.Release|Any CPU.Build.0 = Release|Any CPU
		{D9CDB057-C6D0-4DC4-92A2-E0F064396DDC}.Release|x64.ActiveCfg = Release|Any CPU
		{D9CDB057-C6D0-4DC4-92A2-E0F064396DDC}.Release|x64.Build.0 = Release|Any CPU
		{D9CDB057-C6D0-4DC4-92A2-E0F064396DDC}.Release|x86.ActiveCfg = Release|Any CPU
		{D9CDB057-C6D0-4DC4-92A2-E0F064396DDC}.Release|x86.Build.0 = Release|Any CPU
		{D259BD61-4078-45BF-B4D0-B8C2BCF4E875}.Debug|Any CPU.ActiveCfg = Debug|Any CPU
		{D259BD61-4078-45BF-B4D0-B8C2BCF4E875}.Debug|Any CPU.Build.0 = Debug|Any CPU
		{D259BD61-4078-45BF-B4D0-B8C2BCF4E875}.Debug|x64.ActiveCfg = Debug|Any CPU
		{D259BD61-4078-45BF-B4D0-B8C2BCF4E875}.Debug|x64.Build.0 = Debug|Any CPU
		{D259BD61-4078-45BF-B4D0-B8C2BCF4E875}.Debug|x86.ActiveCfg = Debug|Any CPU
		{D259BD61-4078-45BF-B4D0-B8C2BCF4E875}.Debug|x86.Build.0 = Debug|Any CPU
		{D259BD61-4078-45BF-B4D0-B8C2BCF4E875}.Release|Any CPU.ActiveCfg = Release|Any CPU
		{D259BD61-4078-45BF-B4D0-B8C2BCF4E875}.Release|Any CPU.Build.0 = Release|Any CPU
		{D259BD61-4078-45BF-B4D0-B8C2BCF4E875}.Release|x64.ActiveCfg = Release|Any CPU
		{D259BD61-4078-45BF-B4D0-B8C2BCF4E875}.Release|x64.Build.0 = Release|Any CPU
		{D259BD61-4078-45BF-B4D0-B8C2BCF4E875}.Release|x86.ActiveCfg = Release|Any CPU
		{D259BD61-4078-45BF-B4D0-B8C2BCF4E875}.Release|x86.Build.0 = Release|Any CPU
		{702CB7D8-F99E-430F-89A7-4C189D36ABCC}.Debug|Any CPU.ActiveCfg = Debug|Any CPU
		{702CB7D8-F99E-430F-89A7-4C189D36ABCC}.Debug|Any CPU.Build.0 = Debug|Any CPU
		{702CB7D8-F99E-430F-89A7-4C189D36ABCC}.Debug|x64.ActiveCfg = Debug|Any CPU
		{702CB7D8-F99E-430F-89A7-4C189D36ABCC}.Debug|x64.Build.0 = Debug|Any CPU
		{702CB7D8-F99E-430F-89A7-4C189D36ABCC}.Debug|x86.ActiveCfg = Debug|Any CPU
		{702CB7D8-F99E-430F-89A7-4C189D36ABCC}.Debug|x86.Build.0 = Debug|Any CPU
		{702CB7D8-F99E-430F-89A7-4C189D36ABCC}.Release|Any CPU.ActiveCfg = Release|Any CPU
		{702CB7D8-F99E-430F-89A7-4C189D36ABCC}.Release|Any CPU.Build.0 = Release|Any CPU
		{702CB7D8-F99E-430F-89A7-4C189D36ABCC}.Release|x64.ActiveCfg = Release|Any CPU
		{702CB7D8-F99E-430F-89A7-4C189D36ABCC}.Release|x64.Build.0 = Release|Any CPU
		{702CB7D8-F99E-430F-89A7-4C189D36ABCC}.Release|x86.ActiveCfg = Release|Any CPU
		{702CB7D8-F99E-430F-89A7-4C189D36ABCC}.Release|x86.Build.0 = Release|Any CPU
		{DBA6938E-4793-4CD5-8A27-6C58C3724FDA}.Debug|Any CPU.ActiveCfg = Debug|Any CPU
		{DBA6938E-4793-4CD5-8A27-6C58C3724FDA}.Debug|Any CPU.Build.0 = Debug|Any CPU
		{DBA6938E-4793-4CD5-8A27-6C58C3724FDA}.Debug|x64.ActiveCfg = Debug|Any CPU
		{DBA6938E-4793-4CD5-8A27-6C58C3724FDA}.Debug|x64.Build.0 = Debug|Any CPU
		{DBA6938E-4793-4CD5-8A27-6C58C3724FDA}.Debug|x86.ActiveCfg = Debug|Any CPU
		{DBA6938E-4793-4CD5-8A27-6C58C3724FDA}.Debug|x86.Build.0 = Debug|Any CPU
		{DBA6938E-4793-4CD5-8A27-6C58C3724FDA}.Release|Any CPU.ActiveCfg = Release|Any CPU
		{DBA6938E-4793-4CD5-8A27-6C58C3724FDA}.Release|Any CPU.Build.0 = Release|Any CPU
		{DBA6938E-4793-4CD5-8A27-6C58C3724FDA}.Release|x64.ActiveCfg = Release|Any CPU
		{DBA6938E-4793-4CD5-8A27-6C58C3724FDA}.Release|x64.Build.0 = Release|Any CPU
		{DBA6938E-4793-4CD5-8A27-6C58C3724FDA}.Release|x86.ActiveCfg = Release|Any CPU
		{DBA6938E-4793-4CD5-8A27-6C58C3724FDA}.Release|x86.Build.0 = Release|Any CPU
		{CBB9B927-2472-4CF6-AF7D-E771C9721228}.Debug|Any CPU.ActiveCfg = Debug|Any CPU
		{CBB9B927-2472-4CF6-AF7D-E771C9721228}.Debug|Any CPU.Build.0 = Debug|Any CPU
		{CBB9B927-2472-4CF6-AF7D-E771C9721228}.Debug|x64.ActiveCfg = Debug|Any CPU
		{CBB9B927-2472-4CF6-AF7D-E771C9721228}.Debug|x64.Build.0 = Debug|Any CPU
		{CBB9B927-2472-4CF6-AF7D-E771C9721228}.Debug|x86.ActiveCfg = Debug|Any CPU
		{CBB9B927-2472-4CF6-AF7D-E771C9721228}.Debug|x86.Build.0 = Debug|Any CPU
		{CBB9B927-2472-4CF6-AF7D-E771C9721228}.Release|Any CPU.ActiveCfg = Release|Any CPU
		{CBB9B927-2472-4CF6-AF7D-E771C9721228}.Release|Any CPU.Build.0 = Release|Any CPU
		{CBB9B927-2472-4CF6-AF7D-E771C9721228}.Release|x64.ActiveCfg = Release|Any CPU
		{CBB9B927-2472-4CF6-AF7D-E771C9721228}.Release|x64.Build.0 = Release|Any CPU
		{CBB9B927-2472-4CF6-AF7D-E771C9721228}.Release|x86.ActiveCfg = Release|Any CPU
		{CBB9B927-2472-4CF6-AF7D-E771C9721228}.Release|x86.Build.0 = Release|Any CPU
		{58162A95-BD9B-48D1-B297-8465FE5216FA}.Debug|Any CPU.ActiveCfg = Debug|Any CPU
		{58162A95-BD9B-48D1-B297-8465FE5216FA}.Debug|Any CPU.Build.0 = Debug|Any CPU
		{58162A95-BD9B-48D1-B297-8465FE5216FA}.Debug|x64.ActiveCfg = Debug|Any CPU
		{58162A95-BD9B-48D1-B297-8465FE5216FA}.Debug|x64.Build.0 = Debug|Any CPU
		{58162A95-BD9B-48D1-B297-8465FE5216FA}.Debug|x86.ActiveCfg = Debug|Any CPU
		{58162A95-BD9B-48D1-B297-8465FE5216FA}.Debug|x86.Build.0 = Debug|Any CPU
		{58162A95-BD9B-48D1-B297-8465FE5216FA}.Release|Any CPU.ActiveCfg = Release|Any CPU
		{58162A95-BD9B-48D1-B297-8465FE5216FA}.Release|Any CPU.Build.0 = Release|Any CPU
		{58162A95-BD9B-48D1-B297-8465FE5216FA}.Release|x64.ActiveCfg = Release|Any CPU
		{58162A95-BD9B-48D1-B297-8465FE5216FA}.Release|x64.Build.0 = Release|Any CPU
		{58162A95-BD9B-48D1-B297-8465FE5216FA}.Release|x86.ActiveCfg = Release|Any CPU
		{58162A95-BD9B-48D1-B297-8465FE5216FA}.Release|x86.Build.0 = Release|Any CPU
		{29EEAEC2-3EE7-4014-8FFD-38E1568C8FF8}.Debug|Any CPU.ActiveCfg = Debug|Any CPU
		{29EEAEC2-3EE7-4014-8FFD-38E1568C8FF8}.Debug|Any CPU.Build.0 = Debug|Any CPU
		{29EEAEC2-3EE7-4014-8FFD-38E1568C8FF8}.Debug|x64.ActiveCfg = Debug|Any CPU
		{29EEAEC2-3EE7-4014-8FFD-38E1568C8FF8}.Debug|x64.Build.0 = Debug|Any CPU
		{29EEAEC2-3EE7-4014-8FFD-38E1568C8FF8}.Debug|x86.ActiveCfg = Debug|Any CPU
		{29EEAEC2-3EE7-4014-8FFD-38E1568C8FF8}.Debug|x86.Build.0 = Debug|Any CPU
		{29EEAEC2-3EE7-4014-8FFD-38E1568C8FF8}.Release|Any CPU.ActiveCfg = Release|Any CPU
		{29EEAEC2-3EE7-4014-8FFD-38E1568C8FF8}.Release|Any CPU.Build.0 = Release|Any CPU
		{29EEAEC2-3EE7-4014-8FFD-38E1568C8FF8}.Release|x64.ActiveCfg = Release|Any CPU
		{29EEAEC2-3EE7-4014-8FFD-38E1568C8FF8}.Release|x64.Build.0 = Release|Any CPU
		{29EEAEC2-3EE7-4014-8FFD-38E1568C8FF8}.Release|x86.ActiveCfg = Release|Any CPU
		{29EEAEC2-3EE7-4014-8FFD-38E1568C8FF8}.Release|x86.Build.0 = Release|Any CPU
		{0195AE48-AC67-4488-AA87-1EDB46A87068}.Debug|Any CPU.ActiveCfg = Debug|Any CPU
		{0195AE48-AC67-4488-AA87-1EDB46A87068}.Debug|Any CPU.Build.0 = Debug|Any CPU
		{0195AE48-AC67-4488-AA87-1EDB46A87068}.Debug|x64.ActiveCfg = Debug|Any CPU
		{0195AE48-AC67-4488-AA87-1EDB46A87068}.Debug|x64.Build.0 = Debug|Any CPU
		{0195AE48-AC67-4488-AA87-1EDB46A87068}.Debug|x86.ActiveCfg = Debug|Any CPU
		{0195AE48-AC67-4488-AA87-1EDB46A87068}.Debug|x86.Build.0 = Debug|Any CPU
		{0195AE48-AC67-4488-AA87-1EDB46A87068}.Release|Any CPU.ActiveCfg = Release|Any CPU
		{0195AE48-AC67-4488-AA87-1EDB46A87068}.Release|Any CPU.Build.0 = Release|Any CPU
		{0195AE48-AC67-4488-AA87-1EDB46A87068}.Release|x64.ActiveCfg = Release|Any CPU
		{0195AE48-AC67-4488-AA87-1EDB46A87068}.Release|x64.Build.0 = Release|Any CPU
		{0195AE48-AC67-4488-AA87-1EDB46A87068}.Release|x86.ActiveCfg = Release|Any CPU
		{0195AE48-AC67-4488-AA87-1EDB46A87068}.Release|x86.Build.0 = Release|Any CPU
		{E05B3EBB-0433-4833-97ED-F77EA876C049}.Debug|Any CPU.ActiveCfg = Debug|Any CPU
		{E05B3EBB-0433-4833-97ED-F77EA876C049}.Debug|Any CPU.Build.0 = Debug|Any CPU
		{E05B3EBB-0433-4833-97ED-F77EA876C049}.Debug|x64.ActiveCfg = Debug|Any CPU
		{E05B3EBB-0433-4833-97ED-F77EA876C049}.Debug|x64.Build.0 = Debug|Any CPU
		{E05B3EBB-0433-4833-97ED-F77EA876C049}.Debug|x86.ActiveCfg = Debug|Any CPU
		{E05B3EBB-0433-4833-97ED-F77EA876C049}.Debug|x86.Build.0 = Debug|Any CPU
		{E05B3EBB-0433-4833-97ED-F77EA876C049}.Release|Any CPU.ActiveCfg = Release|Any CPU
		{E05B3EBB-0433-4833-97ED-F77EA876C049}.Release|Any CPU.Build.0 = Release|Any CPU
		{E05B3EBB-0433-4833-97ED-F77EA876C049}.Release|x64.ActiveCfg = Release|Any CPU
		{E05B3EBB-0433-4833-97ED-F77EA876C049}.Release|x64.Build.0 = Release|Any CPU
		{E05B3EBB-0433-4833-97ED-F77EA876C049}.Release|x86.ActiveCfg = Release|Any CPU
		{E05B3EBB-0433-4833-97ED-F77EA876C049}.Release|x86.Build.0 = Release|Any CPU
		{3B0A4BEB-4595-499C-B29F-E79931728C3D}.Debug|Any CPU.ActiveCfg = Debug|Any CPU
		{3B0A4BEB-4595-499C-B29F-E79931728C3D}.Debug|Any CPU.Build.0 = Debug|Any CPU
		{3B0A4BEB-4595-499C-B29F-E79931728C3D}.Debug|x64.ActiveCfg = Debug|Any CPU
		{3B0A4BEB-4595-499C-B29F-E79931728C3D}.Debug|x64.Build.0 = Debug|Any CPU
		{3B0A4BEB-4595-499C-B29F-E79931728C3D}.Debug|x86.ActiveCfg = Debug|Any CPU
		{3B0A4BEB-4595-499C-B29F-E79931728C3D}.Debug|x86.Build.0 = Debug|Any CPU
		{3B0A4BEB-4595-499C-B29F-E79931728C3D}.Release|Any CPU.ActiveCfg = Release|Any CPU
		{3B0A4BEB-4595-499C-B29F-E79931728C3D}.Release|Any CPU.Build.0 = Release|Any CPU
		{3B0A4BEB-4595-499C-B29F-E79931728C3D}.Release|x64.ActiveCfg = Release|Any CPU
		{3B0A4BEB-4595-499C-B29F-E79931728C3D}.Release|x64.Build.0 = Release|Any CPU
		{3B0A4BEB-4595-499C-B29F-E79931728C3D}.Release|x86.ActiveCfg = Release|Any CPU
		{3B0A4BEB-4595-499C-B29F-E79931728C3D}.Release|x86.Build.0 = Release|Any CPU
	EndGlobalSection
	GlobalSection(SolutionProperties) = preSolution
		HideSolutionNode = FALSE
	EndGlobalSection
	GlobalSection(NestedProjects) = preSolution
		{D9CDB057-C6D0-4DC4-92A2-E0F064396DDC} = {43570CDD-40A3-4D73-A1B7-22F24B8261A9}
		{D259BD61-4078-45BF-B4D0-B8C2BCF4E875} = {A4522569-85BB-4EF1-AC94-BE2978547AAE}
		{702CB7D8-F99E-430F-89A7-4C189D36ABCC} = {43570CDD-40A3-4D73-A1B7-22F24B8261A9}
		{DBA6938E-4793-4CD5-8A27-6C58C3724FDA} = {43570CDD-40A3-4D73-A1B7-22F24B8261A9}
		{A6966624-8465-4A19-B9D6-5C279D089F61} = {A5DA5AE7-9B54-439A-8AD6-E3BEB08D2A99}
		{CBB9B927-2472-4CF6-AF7D-E771C9721228} = {43570CDD-40A3-4D73-A1B7-22F24B8261A9}
		{58162A95-BD9B-48D1-B297-8465FE5216FA} = {A4522569-85BB-4EF1-AC94-BE2978547AAE}
		{A4522569-85BB-4EF1-AC94-BE2978547AAE} = {7064AAEF-D4AA-4CEB-A3AB-2588672FC1EE}
		{43570CDD-40A3-4D73-A1B7-22F24B8261A9} = {7064AAEF-D4AA-4CEB-A3AB-2588672FC1EE}
		{6B22B7DE-B4BB-456C-B92A-F775B98CEFD7} = {5FBB60FF-ABE1-4316-B82E-3E2AA32AF8E6}
		{A588CBB4-006F-4C4D-A0EF-2A2754982295} = {5FBB60FF-ABE1-4316-B82E-3E2AA32AF8E6}
		{29EEAEC2-3EE7-4014-8FFD-38E1568C8FF8} = {A4522569-85BB-4EF1-AC94-BE2978547AAE}
		{0195AE48-AC67-4488-AA87-1EDB46A87068} = {43570CDD-40A3-4D73-A1B7-22F24B8261A9}
		{E05B3EBB-0433-4833-97ED-F77EA876C049} = {43570CDD-40A3-4D73-A1B7-22F24B8261A9}
		{3B0A4BEB-4595-499C-B29F-E79931728C3D} = {1A3D1154-C606-4FB4-AE19-95A0290BB36A}
	EndGlobalSection
	GlobalSection(ExtensibilityGlobals) = postSolution
		SolutionGuid = {8A29E004-0C17-4E72-AE88-F7EA03136D6E}
	EndGlobalSection
EndGlobal
